// !$*UTF8*$!
{
	archiveVersion = 1;
	classes = {
	};
	objectVersion = 46;
	objects = {

/* Begin PBXBuildFile section */
		2F165C7F1CD16C9800647C67 /* main.swift in Sources */ = {isa = PBXBuildFile; fileRef = 2F165C7E1CD16C9800647C67 /* main.swift */; };
		2F165C861CD16CB300647C67 /* Arguments.swift in Sources */ = {isa = PBXBuildFile; fileRef = 2F165C851CD16CB300647C67 /* Arguments.swift */; };
		2F165C881CD16CBC00647C67 /* Router.swift in Sources */ = {isa = PBXBuildFile; fileRef = 2F165C871CD16CBC00647C67 /* Router.swift */; };
		2F165C8A1CD16CCB00647C67 /* PathTraveler.swift in Sources */ = {isa = PBXBuildFile; fileRef = 2F165C891CD16CCB00647C67 /* PathTraveler.swift */; };
		2F165C921CD16D5000647C67 /* HelpPath.swift in Sources */ = {isa = PBXBuildFile; fileRef = 2F165C911CD16D5000647C67 /* HelpPath.swift */; };
		2F165C941CD16D5E00647C67 /* StoryboardPath.swift in Sources */ = {isa = PBXBuildFile; fileRef = 2F165C931CD16D5E00647C67 /* StoryboardPath.swift */; };
		2F165C961CD16E8C00647C67 /* FileFinder.swift in Sources */ = {isa = PBXBuildFile; fileRef = 2F165C951CD16E8C00647C67 /* FileFinder.swift */; };
		2F8725081D3710830091CFDE /* README.md in Sources */ = {isa = PBXBuildFile; fileRef = 2F8725071D3710830091CFDE /* README.md */; };
		2FB954761CD7B1980046FDC7 /* StoryboardParser.swift in Sources */ = {isa = PBXBuildFile; fileRef = 2FB954751CD7B1980046FDC7 /* StoryboardParser.swift */; };
		2FB9547B1CD7C56E0046FDC7 /* SegueHandlerType.swift in Sources */ = {isa = PBXBuildFile; fileRef = 2FB9547A1CD7C56E0046FDC7 /* SegueHandlerType.swift */; };
		2FB9547D1CD7EAA90046FDC7 /* CreateFile.swift in Sources */ = {isa = PBXBuildFile; fileRef = 2FB9547C1CD7EAA90046FDC7 /* CreateFile.swift */; };
		2FCCE34D1D35D63300236A92 /* String+Extras.swift in Sources */ = {isa = PBXBuildFile; fileRef = 2FCCE34C1D35D63300236A92 /* String+Extras.swift */; };
/* End PBXBuildFile section */

/* Begin PBXCopyFilesBuildPhase section */
		2F165C791CD16C9800647C67 /* CopyFiles */ = {
			isa = PBXCopyFilesBuildPhase;
			buildActionMask = 2147483647;
			dstPath = /usr/share/man/man1/;
			dstSubfolderSpec = 0;
			files = (
			);
			runOnlyForDeploymentPostprocessing = 1;
		};
/* End PBXCopyFilesBuildPhase section */

/* Begin PBXFileReference section */
		2F165C7B1CD16C9800647C67 /* XcodeExtractor */ = {isa = PBXFileReference; explicitFileType = "compiled.mach-o.executable"; includeInIndex = 0; path = XcodeExtractor; sourceTree = BUILT_PRODUCTS_DIR; };
		2F165C7E1CD16C9800647C67 /* main.swift */ = {isa = PBXFileReference; lastKnownFileType = sourcecode.swift; path = main.swift; sourceTree = "<group>"; };
		2F165C851CD16CB300647C67 /* Arguments.swift */ = {isa = PBXFileReference; fileEncoding = 4; lastKnownFileType = sourcecode.swift; path = Arguments.swift; sourceTree = "<group>"; };
		2F165C871CD16CBC00647C67 /* Router.swift */ = {isa = PBXFileReference; fileEncoding = 4; lastKnownFileType = sourcecode.swift; path = Router.swift; sourceTree = "<group>"; };
		2F165C891CD16CCB00647C67 /* PathTraveler.swift */ = {isa = PBXFileReference; fileEncoding = 4; lastKnownFileType = sourcecode.swift; path = PathTraveler.swift; sourceTree = "<group>"; };
		2F165C911CD16D5000647C67 /* HelpPath.swift */ = {isa = PBXFileReference; fileEncoding = 4; lastKnownFileType = sourcecode.swift; path = HelpPath.swift; sourceTree = "<group>"; };
		2F165C931CD16D5E00647C67 /* StoryboardPath.swift */ = {isa = PBXFileReference; fileEncoding = 4; lastKnownFileType = sourcecode.swift; path = StoryboardPath.swift; sourceTree = "<group>"; };
		2F165C951CD16E8C00647C67 /* FileFinder.swift */ = {isa = PBXFileReference; fileEncoding = 4; lastKnownFileType = sourcecode.swift; path = FileFinder.swift; sourceTree = "<group>"; };
		2F8725051D35D8750091CFDE /* SegueHandlerType.swift */ = {isa = PBXFileReference; fileEncoding = 4; lastKnownFileType = sourcecode.swift; path = SegueHandlerType.swift; sourceTree = "<group>"; };
		2F8725071D3710830091CFDE /* README.md */ = {isa = PBXFileReference; fileEncoding = 4; lastKnownFileType = net.daringfireball.markdown; path = README.md; sourceTree = "<group>"; };
		2FB954751CD7B1980046FDC7 /* StoryboardParser.swift */ = {isa = PBXFileReference; fileEncoding = 4; lastKnownFileType = sourcecode.swift; path = StoryboardParser.swift; sourceTree = "<group>"; };
		2FB9547A1CD7C56E0046FDC7 /* SegueHandlerType.swift */ = {isa = PBXFileReference; fileEncoding = 4; lastKnownFileType = sourcecode.swift; path = SegueHandlerType.swift; sourceTree = "<group>"; };
		2FB9547C1CD7EAA90046FDC7 /* CreateFile.swift */ = {isa = PBXFileReference; fileEncoding = 4; lastKnownFileType = sourcecode.swift; path = CreateFile.swift; sourceTree = "<group>"; };
		2FCCE34C1D35D63300236A92 /* String+Extras.swift */ = {isa = PBXFileReference; fileEncoding = 4; lastKnownFileType = sourcecode.swift; path = "String+Extras.swift"; sourceTree = "<group>"; };
		2FCCE34E1D35D6F100236A92 /* test.storyboard */ = {isa = PBXFileReference; lastKnownFileType = file.storyboard; path = test.storyboard; sourceTree = "<group>"; };
/* End PBXFileReference section */

/* Begin PBXFrameworksBuildPhase section */
		2F165C781CD16C9800647C67 /* Frameworks */ = {
			isa = PBXFrameworksBuildPhase;
			buildActionMask = 2147483647;
			files = (
			);
			runOnlyForDeploymentPostprocessing = 0;
		};
/* End PBXFrameworksBuildPhase section */

/* Begin PBXGroup section */
		2F165C721CD16C9800647C67 = {
			isa = PBXGroup;
			children = (
				2FCCE34E1D35D6F100236A92 /* test.storyboard */,
				2F8725051D35D8750091CFDE /* SegueHandlerType.swift */,
				2F8725071D3710830091CFDE /* README.md */,
				2F165C7D1CD16C9800647C67 /* XcodeExtractor */,
				2FB954771CD7B1B50046FDC7 /* Utilities */,
				2F165C7C1CD16C9800647C67 /* Products */,
			);
			sourceTree = "<group>";
		};
		2F165C7C1CD16C9800647C67 /* Products */ = {
			isa = PBXGroup;
			children = (
				2F165C7B1CD16C9800647C67 /* XcodeExtractor */,
			);
			name = Products;
			sourceTree = "<group>";
		};
		2F165C7D1CD16C9800647C67 /* XcodeExtractor */ = {
			isa = PBXGroup;
			children = (
				2F165C7E1CD16C9800647C67 /* main.swift */,
				2F165C8B1CD16CF500647C67 /* Setup */,
				2F165C8D1CD16D0F00647C67 /* Help Path */,
				2F165C8E1CD16D1700647C67 /* Storyboard Path */,
			);
			path = XcodeExtractor;
			sourceTree = "<group>";
		};
		2F165C8B1CD16CF500647C67 /* Setup */ = {
			isa = PBXGroup;
			children = (
				2F165C851CD16CB300647C67 /* Arguments.swift */,
				2F165C871CD16CBC00647C67 /* Router.swift */,
				2F165C891CD16CCB00647C67 /* PathTraveler.swift */,
			);
			name = Setup;
			sourceTree = "<group>";
		};
		2F165C8D1CD16D0F00647C67 /* Help Path */ = {
			isa = PBXGroup;
			children = (
				2F165C911CD16D5000647C67 /* HelpPath.swift */,
			);
			name = "Help Path";
			sourceTree = "<group>";
		};
		2F165C8E1CD16D1700647C67 /* Storyboard Path */ = {
			isa = PBXGroup;
			children = (
				2F165C931CD16D5E00647C67 /* StoryboardPath.swift */,
				2FB9547A1CD7C56E0046FDC7 /* SegueHandlerType.swift */,
			);
			name = "Storyboard Path";
			sourceTree = "<group>";
		};
		2FB954771CD7B1B50046FDC7 /* Utilities */ = {
			isa = PBXGroup;
			children = (
				2FB954751CD7B1980046FDC7 /* StoryboardParser.swift */,
				2F165C951CD16E8C00647C67 /* FileFinder.swift */,
				2FB9547C1CD7EAA90046FDC7 /* CreateFile.swift */,
				2FCCE34C1D35D63300236A92 /* String+Extras.swift */,
			);
			name = Utilities;
			path = XcodeExtractor;
			sourceTree = "<group>";
		};
/* End PBXGroup section */

/* Begin PBXNativeTarget section */
		2F165C7A1CD16C9800647C67 /* XcodeExtractor */ = {
			isa = PBXNativeTarget;
			buildConfigurationList = 2F165C821CD16C9800647C67 /* Build configuration list for PBXNativeTarget "XcodeExtractor" */;
			buildPhases = (
				2F165C771CD16C9800647C67 /* Sources */,
				2F165C781CD16C9800647C67 /* Frameworks */,
				2F165C791CD16C9800647C67 /* CopyFiles */,
			);
			buildRules = (
			);
			dependencies = (
			);
			name = XcodeExtractor;
			productName = XcodeExtractor;
			productReference = 2F165C7B1CD16C9800647C67 /* XcodeExtractor */;
			productType = "com.apple.product-type.tool";
		};
/* End PBXNativeTarget section */

/* Begin PBXProject section */
		2F165C731CD16C9800647C67 /* Project object */ = {
			isa = PBXProject;
			attributes = {
				LastSwiftUpdateCheck = 0730;
				LastUpgradeCheck = 0800;
				ORGANIZATIONNAME = "Christopher Pick";
				TargetAttributes = {
					2F165C7A1CD16C9800647C67 = {
						CreatedOnToolsVersion = 7.3;
						LastSwiftMigration = 0800;
					};
				};
			};
			buildConfigurationList = 2F165C761CD16C9800647C67 /* Build configuration list for PBXProject "XcodeExtractor" */;
			compatibilityVersion = "Xcode 3.2";
			developmentRegion = English;
			hasScannedForEncodings = 0;
			knownRegions = (
				en,
			);
			mainGroup = 2F165C721CD16C9800647C67;
			productRefGroup = 2F165C7C1CD16C9800647C67 /* Products */;
			projectDirPath = "";
			projectRoot = "";
			targets = (
				2F165C7A1CD16C9800647C67 /* XcodeExtractor */,
			);
		};
/* End PBXProject section */

/* Begin PBXSourcesBuildPhase section */
		2F165C771CD16C9800647C67 /* Sources */ = {
			isa = PBXSourcesBuildPhase;
			buildActionMask = 2147483647;
			files = (
				2F165C861CD16CB300647C67 /* Arguments.swift in Sources */,
				2F165C921CD16D5000647C67 /* HelpPath.swift in Sources */,
				2FB954761CD7B1980046FDC7 /* StoryboardParser.swift in Sources */,
				2F165C881CD16CBC00647C67 /* Router.swift in Sources */,
				2F165C7F1CD16C9800647C67 /* main.swift in Sources */,
				2F165C8A1CD16CCB00647C67 /* PathTraveler.swift in Sources */,
				2F8725081D3710830091CFDE /* README.md in Sources */,
				2F165C961CD16E8C00647C67 /* FileFinder.swift in Sources */,
				2FB9547B1CD7C56E0046FDC7 /* SegueHandlerType.swift in Sources */,
				2FCCE34D1D35D63300236A92 /* String+Extras.swift in Sources */,
				2F165C941CD16D5E00647C67 /* StoryboardPath.swift in Sources */,
				2FB9547D1CD7EAA90046FDC7 /* CreateFile.swift in Sources */,
			);
			runOnlyForDeploymentPostprocessing = 0;
		};
/* End PBXSourcesBuildPhase section */

/* Begin XCBuildConfiguration section */
		2F165C801CD16C9800647C67 /* Debug */ = {
			isa = XCBuildConfiguration;
			buildSettings = {
				ALWAYS_SEARCH_USER_PATHS = NO;
				CLANG_ANALYZER_NONNULL = YES;
				CLANG_CXX_LANGUAGE_STANDARD = "gnu++0x";
				CLANG_CXX_LIBRARY = "libc++";
				CLANG_ENABLE_MODULES = YES;
				CLANG_ENABLE_OBJC_ARC = YES;
				CLANG_WARN_BOOL_CONVERSION = YES;
				CLANG_WARN_CONSTANT_CONVERSION = YES;
				CLANG_WARN_DIRECT_OBJC_ISA_USAGE = YES_ERROR;
				CLANG_WARN_EMPTY_BODY = YES;
				CLANG_WARN_ENUM_CONVERSION = YES;
				CLANG_WARN_INT_CONVERSION = YES;
				CLANG_WARN_OBJC_ROOT_CLASS = YES_ERROR;
				CLANG_WARN_UNREACHABLE_CODE = YES;
				CLANG_WARN__DUPLICATE_METHOD_MATCH = YES;
				CODE_SIGN_IDENTITY = "-";
				COPY_PHASE_STRIP = NO;
				DEBUG_INFORMATION_FORMAT = dwarf;
				ENABLE_STRICT_OBJC_MSGSEND = YES;
				ENABLE_TESTABILITY = YES;
				GCC_C_LANGUAGE_STANDARD = gnu99;
				GCC_DYNAMIC_NO_PIC = NO;
				GCC_NO_COMMON_BLOCKS = YES;
				GCC_OPTIMIZATION_LEVEL = 0;
				GCC_PREPROCESSOR_DEFINITIONS = (
					"DEBUG=1",
					"$(inherited)",
				);
				GCC_WARN_64_TO_32_BIT_CONVERSION = YES;
				GCC_WARN_ABOUT_RETURN_TYPE = YES_ERROR;
				GCC_WARN_UNDECLARED_SELECTOR = YES;
				GCC_WARN_UNINITIALIZED_AUTOS = YES_AGGRESSIVE;
				GCC_WARN_UNUSED_FUNCTION = YES;
				GCC_WARN_UNUSED_VARIABLE = YES;
				MACOSX_DEPLOYMENT_TARGET = 10.11;
				MTL_ENABLE_DEBUG_INFO = YES;
				ONLY_ACTIVE_ARCH = YES;
				SDKROOT = macosx;
				SWIFT_OPTIMIZATION_LEVEL = "-Onone";
			};
			name = Debug;
		};
		2F165C811CD16C9800647C67 /* Release */ = {
			isa = XCBuildConfiguration;
			buildSettings = {
				ALWAYS_SEARCH_USER_PATHS = NO;
				CLANG_ANALYZER_NONNULL = YES;
				CLANG_CXX_LANGUAGE_STANDARD = "gnu++0x";
				CLANG_CXX_LIBRARY = "libc++";
				CLANG_ENABLE_MODULES = YES;
				CLANG_ENABLE_OBJC_ARC = YES;
				CLANG_WARN_BOOL_CONVERSION = YES;
				CLANG_WARN_CONSTANT_CONVERSION = YES;
				CLANG_WARN_DIRECT_OBJC_ISA_USAGE = YES_ERROR;
				CLANG_WARN_EMPTY_BODY = YES;
				CLANG_WARN_ENUM_CONVERSION = YES;
				CLANG_WARN_INT_CONVERSION = YES;
				CLANG_WARN_OBJC_ROOT_CLASS = YES_ERROR;
				CLANG_WARN_UNREACHABLE_CODE = YES;
				CLANG_WARN__DUPLICATE_METHOD_MATCH = YES;
				CODE_SIGN_IDENTITY = "-";
				COPY_PHASE_STRIP = NO;
				DEBUG_INFORMATION_FORMAT = "dwarf-with-dsym";
				ENABLE_NS_ASSERTIONS = NO;
				ENABLE_STRICT_OBJC_MSGSEND = YES;
				GCC_C_LANGUAGE_STANDARD = gnu99;
				GCC_NO_COMMON_BLOCKS = YES;
				GCC_WARN_64_TO_32_BIT_CONVERSION = YES;
				GCC_WARN_ABOUT_RETURN_TYPE = YES_ERROR;
				GCC_WARN_UNDECLARED_SELECTOR = YES;
				GCC_WARN_UNINITIALIZED_AUTOS = YES_AGGRESSIVE;
				GCC_WARN_UNUSED_FUNCTION = YES;
				GCC_WARN_UNUSED_VARIABLE = YES;
				MACOSX_DEPLOYMENT_TARGET = 10.11;
				MTL_ENABLE_DEBUG_INFO = NO;
				SDKROOT = macosx;
			};
			name = Release;
		};
		2F165C831CD16C9800647C67 /* Debug */ = {
			isa = XCBuildConfiguration;
			buildSettings = {
				PRODUCT_NAME = "$(TARGET_NAME)";
				SWIFT_VERSION = 3.0;
			};
			name = Debug;
		};
		2F165C841CD16C9800647C67 /* Release */ = {
			isa = XCBuildConfiguration;
			buildSettings = {
				PRODUCT_NAME = "$(TARGET_NAME)";
				SWIFT_OPTIMIZATION_LEVEL = "-Owholemodule";
				SWIFT_VERSION = 3.0;
			};
			name = Release;
		};
/* End XCBuildConfiguration section */

/* Begin XCConfigurationList section */
		2F165C761CD16C9800647C67 /* Build configuration list for PBXProject "XcodeExtractor" */ = {
			isa = XCConfigurationList;
			buildConfigurations = (
				2F165C801CD16C9800647C67 /* Debug */,
				2F165C811CD16C9800647C67 /* Release */,
			);
			defaultConfigurationIsVisible = 0;
			defaultConfigurationName = Release;
		};
		2F165C821CD16C9800647C67 /* Build configuration list for PBXNativeTarget "XcodeExtractor" */ = {
			isa = XCConfigurationList;
			buildConfigurations = (
				2F165C831CD16C9800647C67 /* Debug */,
				2F165C841CD16C9800647C67 /* Release */,
			);
			defaultConfigurationIsVisible = 0;
			defaultConfigurationName = Release;
		};
/* End XCConfigurationList section */
	};
	rootObject = 2F165C731CD16C9800647C67 /* Project object */;
}
